
Microsoft Visual Studio Solution File, Format Version 12.00
# Visual Studio Version 16
VisualStudioVersion = 16.0.32630.194
MinimumVisualStudioVersion = 10.0.40219.1
Project("{FAE04EC0-301F-11D3-BF4B-00C04F79EFBC}") = "CrudApplication", "CrudApplication\CrudApplication.csproj", "{CBD4F1C0-51A9-41C4-B113-847474EFA483}"
EndProject
Global
	GlobalSection(SolutionConfigurationPlatforms) = preSolution
		Debug|Any CPU = Debug|Any CPU
		Release|Any CPU = Release|Any CPU
	EndGlobalSection
	GlobalSection(ProjectConfigurationPlatforms) = postSolution
		{CBD4F1C0-51A9-41C4-B113-847474EFA483}.Debug|Any CPU.ActiveCfg = Debug|Any CPU
		{CBD4F1C0-51A9-41C4-B113-847474EFA483}.Debug|Any CPU.Build.0 = Debug|Any CPU
		{CBD4F1C0-51A9-41C4-B113-847474EFA483}.Release|Any CPU.ActiveCfg = Release|Any CPU
		{CBD4F1C0-51A9-41C4-B113-847474EFA483}.Release|Any CPU.Build.0 = Release|Any CPU
	EndGlobalSection
	GlobalSection(SolutionProperties) = preSolution
		HideSolutionNode = FALSE
	EndGlobalSection
	GlobalSection(ExtensibilityGlobals) = postSolution
		SolutionGuid = {86D12D95-04C2-4A76-9DEF-2C5FEE37E4B9}
	EndGlobalSection
EndGlobal
